
Microsoft Visual Studio Solution File, Format Version 12.00
# Visual Studio Version 17
VisualStudioVersion = 17.5.002.0
MinimumVisualStudioVersion = 10.0.40219.1
Project("{2150E333-8FDC-42A3-9474-1A3956D46DE8}") = "back", "back", "{5B4D6DB5-CB50-4031-AD03-D6E8438FF39E}"
EndProject
Project("{2150E333-8FDC-42A3-9474-1A3956D46DE8}") = "src", "src", "{200C5035-CF6B-4861-9110-E85A41A5FB86}"
EndProject
Project("{9A19103F-16F7-4668-BE54-9A1E7A4F7556}") = "ProAtividade.API", "back\src\ProAtividade.API\ProAtividade.API.csproj", "{E2B4A015-6ABE-439B-9BE7-B72B707C904E}"
EndProject
Global
	GlobalSection(SolutionConfigurationPlatforms) = preSolution
		Debug|Any CPU = Debug|Any CPU
		Release|Any CPU = Release|Any CPU
	EndGlobalSection
	GlobalSection(ProjectConfigurationPlatforms) = postSolution
		{E2B4A015-6ABE-439B-9BE7-B72B707C904E}.Debug|Any CPU.ActiveCfg = Debug|Any CPU
		{E2B4A015-6ABE-439B-9BE7-B72B707C904E}.Debug|Any CPU.Build.0 = Debug|Any CPU
		{E2B4A015-6ABE-439B-9BE7-B72B707C904E}.Release|Any CPU.ActiveCfg = Release|Any CPU
		{E2B4A015-6ABE-439B-9BE7-B72B707C904E}.Release|Any CPU.Build.0 = Release|Any CPU
	EndGlobalSection
	GlobalSection(SolutionProperties) = preSolution
		HideSolutionNode = FALSE
	EndGlobalSection
	GlobalSection(NestedProjects) = preSolution
		{200C5035-CF6B-4861-9110-E85A41A5FB86} = {5B4D6DB5-CB50-4031-AD03-D6E8438FF39E}
		{E2B4A015-6ABE-439B-9BE7-B72B707C904E} = {200C5035-CF6B-4861-9110-E85A41A5FB86}
	EndGlobalSection
	GlobalSection(ExtensibilityGlobals) = postSolution
		SolutionGuid = {39C03CE4-01AE-446B-8C58-40A9B5ABBEEE}
	EndGlobalSection
EndGlobal
